// !$*UTF8*$!
{
	archiveVersion = 1;
	classes = {
	};
	objectVersion = 77;
	objects = {

/* Begin PBXContainerItemProxy section */
		C0556FC22D70A77E00E9A95F /* PBXContainerItemProxy */ = {
			isa = PBXContainerItemProxy;
			containerPortal = C0556FA92D70A77C00E9A95F /* Project object */;
			proxyType = 1;
			remoteGlobalIDString = C0556FB02D70A77C00E9A95F;
			remoteInfo = DigimonApp;
		};
		C0556FCC2D70A77E00E9A95F /* PBXContainerItemProxy */ = {
			isa = PBXContainerItemProxy;
			containerPortal = C0556FA92D70A77C00E9A95F /* Project object */;
			proxyType = 1;
			remoteGlobalIDString = C0556FB02D70A77C00E9A95F;
			remoteInfo = DigimonApp;
		};
/* End PBXContainerItemProxy section */

/* Begin PBXFileReference section */
		C0556FB12D70A77C00E9A95F /* DigimonApp.app */ = {isa = PBXFileReference; explicitFileType = wrapper.application; includeInIndex = 0; path = DigimonApp.app; sourceTree = BUILT_PRODUCTS_DIR; };
		C0556FC12D70A77E00E9A95F /* DigimonAppTests.xctest */ = {isa = PBXFileReference; explicitFileType = wrapper.cfbundle; includeInIndex = 0; path = DigimonAppTests.xctest; sourceTree = BUILT_PRODUCTS_DIR; };
		C0556FCB2D70A77E00E9A95F /* DigimonAppUITests.xctest */ = {isa = PBXFileReference; explicitFileType = wrapper.cfbundle; includeInIndex = 0; path = DigimonAppUITests.xctest; sourceTree = BUILT_PRODUCTS_DIR; };
/* End PBXFileReference section */

/* Begin PBXFileSystemSynchronizedRootGroup section */
		C0556FB32D70A77C00E9A95F /* DigimonApp */ = {
			isa = PBXFileSystemSynchronizedRootGroup;
			path = DigimonApp;
			sourceTree = "<group>";
		};
		C0556FC42D70A77E00E9A95F /* DigimonAppTests */ = {
			isa = PBXFileSystemSynchronizedRootGroup;
			path = DigimonAppTests;
			sourceTree = "<group>";
		};
		C0556FCE2D70A77E00E9A95F /* DigimonAppUITests */ = {
			isa = PBXFileSystemSynchronizedRootGroup;
			path = DigimonAppUITests;
			sourceTree = "<group>";
		};
/* End PBXFileSystemSynchronizedRootGroup section */

/* Begin PBXFrameworksBuildPhase section */
		C0556FAE2D70A77C00E9A95F /* Frameworks */ = {
			isa = PBXFrameworksBuildPhase;
			buildActionMask = 2147483647;
			files = (
			);
			runOnlyForDeploymentPostprocessing = 0;
		};
		C0556FBE2D70A77E00E9A95F /* Frameworks */ = {
			isa = PBXFrameworksBuildPhase;
			buildActionMask = 2147483647;
			files = (
			);
			runOnlyForDeploymentPostprocessing = 0;
		};
		C0556FC82D70A77E00E9A95F /* Frameworks */ = {
			isa = PBXFrameworksBuildPhase;
			buildActionMask = 2147483647;
			files = (
			);
			runOnlyForDeploymentPostprocessing = 0;
		};
/* End PBXFrameworksBuildPhase section */

/* Begin PBXGroup section */
		C0556FA82D70A77C00E9A95F = {
			isa = PBXGroup;
			children = (
				C0556FB32D70A77C00E9A95F /* DigimonApp */,
				C0556FC42D70A77E00E9A95F /* DigimonAppTests */,
				C0556FCE2D70A77E00E9A95F /* DigimonAppUITests */,
				C0556FB22D70A77C00E9A95F /* Products */,
			);
			sourceTree = "<group>";
		};
		C0556FB22D70A77C00E9A95F /* Products */ = {
			isa = PBXGroup;
			children = (
				C0556FB12D70A77C00E9A95F /* DigimonApp.app */,
				C0556FC12D70A77E00E9A95F /* DigimonAppTests.xctest */,
				C0556FCB2D70A77E00E9A95F /* DigimonAppUITests.xctest */,
			);
			name = Products;
			sourceTree = "<group>";
		};
/* End PBXGroup section */

/* Begin PBXNativeTarget section */
		C0556FB02D70A77C00E9A95F /* DigimonApp */ = {
			isa = PBXNativeTarget;
			buildConfigurationList = C0556FD52D70A77E00E9A95F /* Build configuration list for PBXNativeTarget "DigimonApp" */;
			buildPhases = (
				C0556FAD2D70A77C00E9A95F /* Sources */,
				C0556FAE2D70A77C00E9A95F /* Frameworks */,
				C0556FAF2D70A77C00E9A95F /* Resources */,
			);
			buildRules = (
			);
			dependencies = (
			);
			fileSystemSynchronizedGroups = (
				C0556FB32D70A77C00E9A95F /* DigimonApp */,
			);
			name = DigimonApp;
			packageProductDependencies = (
			);
			productName = DigimonApp;
			productReference = C0556FB12D70A77C00E9A95F /* DigimonApp.app */;
			productType = "com.apple.product-type.application";
		};
		C0556FC02D70A77E00E9A95F /* DigimonAppTests */ = {
			isa = PBXNativeTarget;
			buildConfigurationList = C0556FD82D70A77E00E9A95F /* Build configuration list for PBXNativeTarget "DigimonAppTests" */;
			buildPhases = (
				C0556FBD2D70A77E00E9A95F /* Sources */,
				C0556FBE2D70A77E00E9A95F /* Frameworks */,
				C0556FBF2D70A77E00E9A95F /* Resources */,
			);
			buildRules = (
			);
			dependencies = (
				C0556FC32D70A77E00E9A95F /* PBXTargetDependency */,
			);
			fileSystemSynchronizedGroups = (
				C0556FC42D70A77E00E9A95F /* DigimonAppTests */,
			);
			name = DigimonAppTests;
			packageProductDependencies = (
			);
			productName = DigimonAppTests;
			productReference = C0556FC12D70A77E00E9A95F /* DigimonAppTests.xctest */;
			productType = "com.apple.product-type.bundle.unit-test";
		};
		C0556FCA2D70A77E00E9A95F /* DigimonAppUITests */ = {
			isa = PBXNativeTarget;
			buildConfigurationList = C0556FDB2D70A77E00E9A95F /* Build configuration list for PBXNativeTarget "DigimonAppUITests" */;
			buildPhases = (
				C0556FC72D70A77E00E9A95F /* Sources */,
				C0556FC82D70A77E00E9A95F /* Frameworks */,
				C0556FC92D70A77E00E9A95F /* Resources */,
			);
			buildRules = (
			);
			dependencies = (
				C0556FCD2D70A77E00E9A95F /* PBXTargetDependency */,
			);
			fileSystemSynchronizedGroups = (
				C0556FCE2D70A77E00E9A95F /* DigimonAppUITests */,
			);
			name = DigimonAppUITests;
			packageProductDependencies = (
			);
			productName = DigimonAppUITests;
			productReference = C0556FCB2D70A77E00E9A95F /* DigimonAppUITests.xctest */;
			productType = "com.apple.product-type.bundle.ui-testing";
		};
/* End PBXNativeTarget section */

/* Begin PBXProject section */
		C0556FA92D70A77C00E9A95F /* Project object */ = {
			isa = PBXProject;
			attributes = {
				BuildIndependentTargetsInParallel = 1;
				LastSwiftUpdateCheck = 1620;
				LastUpgradeCheck = 1620;
				TargetAttributes = {
					C0556FB02D70A77C00E9A95F = {
						CreatedOnToolsVersion = 16.2;
					};
					C0556FC02D70A77E00E9A95F = {
						CreatedOnToolsVersion = 16.2;
						TestTargetID = C0556FB02D70A77C00E9A95F;
					};
					C0556FCA2D70A77E00E9A95F = {
						CreatedOnToolsVersion = 16.2;
						TestTargetID = C0556FB02D70A77C00E9A95F;
					};
				};
			};
			buildConfigurationList = C0556FAC2D70A77C00E9A95F /* Build configuration list for PBXProject "DigimonApp" */;
			developmentRegion = en;
			hasScannedForEncodings = 0;
			knownRegions = (
				en,
				Base,
			);
			mainGroup = C0556FA82D70A77C00E9A95F;
			minimizedProjectReferenceProxies = 1;
			preferredProjectObjectVersion = 77;
			productRefGroup = C0556FB22D70A77C00E9A95F /* Products */;
			projectDirPath = "";
			projectRoot = "";
			targets = (
				C0556FB02D70A77C00E9A95F /* DigimonApp */,
				C0556FC02D70A77E00E9A95F /* DigimonAppTests */,
				C0556FCA2D70A77E00E9A95F /* DigimonAppUITests */,
			);
		};
/* End PBXProject section */

/* Begin PBXResourcesBuildPhase section */
		C0556FAF2D70A77C00E9A95F /* Resources */ = {
			isa = PBXResourcesBuildPhase;
			buildActionMask = 2147483647;
			files = (
			);
			runOnlyForDeploymentPostprocessing = 0;
		};
		C0556FBF2D70A77E00E9A95F /* Resources */ = {
			isa = PBXResourcesBuildPhase;
			buildActionMask = 2147483647;
			files = (
			);
			runOnlyForDeploymentPostprocessing = 0;
		};
		C0556FC92D70A77E00E9A95F /* Resources */ = {
			isa = PBXResourcesBuildPhase;
			buildActionMask = 2147483647;
			files = (
			);
			runOnlyForDeploymentPostprocessing = 0;
		};
/* End PBXResourcesBuildPhase section */

/* Begin PBXSourcesBuildPhase section */
		C0556FAD2D70A77C00E9A95F /* Sources */ = {
			isa = PBXSourcesBuildPhase;
			buildActionMask = 2147483647;
			files = (
			);
			runOnlyForDeploymentPostprocessing = 0;
		};
		C0556FBD2D70A77E00E9A95F /* Sources */ = {
			isa = PBXSourcesBuildPhase;
			buildActionMask = 2147483647;
			files = (
			);
			runOnlyForDeploymentPostprocessing = 0;
		};
		C0556FC72D70A77E00E9A95F /* Sources */ = {
			isa = PBXSourcesBuildPhase;
			buildActionMask = 2147483647;
			files = (
			);
			runOnlyForDeploymentPostprocessing = 0;
		};
/* End PBXSourcesBuildPhase section */

/* Begin PBXTargetDependency section */
		C0556FC32D70A77E00E9A95F /* PBXTargetDependency */ = {
			isa = PBXTargetDependency;
			target = C0556FB02D70A77C00E9A95F /* DigimonApp */;
			targetProxy = C0556FC22D70A77E00E9A95F /* PBXContainerItemProxy */;
		};
		C0556FCD2D70A77E00E9A95F /* PBXTargetDependency */ = {
			isa = PBXTargetDependency;
			target = C0556FB02D70A77C00E9A95F /* DigimonApp */;
			targetProxy = C0556FCC2D70A77E00E9A95F /* PBXContainerItemProxy */;
		};
/* End PBXTargetDependency section */

/* Begin XCBuildConfiguration section */
		C0556FD32D70A77E00E9A95F /* Debug */ = {
			isa = XCBuildConfiguration;
			buildSettings = {
				ALWAYS_SEARCH_USER_PATHS = NO;
				ASSETCATALOG_COMPILER_GENERATE_SWIFT_ASSET_SYMBOL_EXTENSIONS = YES;
				CLANG_ANALYZER_NONNULL = YES;
				CLANG_ANALYZER_NUMBER_OBJECT_CONVERSION = YES_AGGRESSIVE;
				CLANG_CXX_LANGUAGE_STANDARD = "gnu++20";
				CLANG_ENABLE_MODULES = YES;
				CLANG_ENABLE_OBJC_ARC = YES;
				CLANG_ENABLE_OBJC_WEAK = YES;
				CLANG_WARN_BLOCK_CAPTURE_AUTORELEASING = YES;
				CLANG_WARN_BOOL_CONVERSION = YES;
				CLANG_WARN_COMMA = YES;
				CLANG_WARN_CONSTANT_CONVERSION = YES;
				CLANG_WARN_DEPRECATED_OBJC_IMPLEMENTATIONS = YES;
				CLANG_WARN_DIRECT_OBJC_ISA_USAGE = YES_ERROR;
				CLANG_WARN_DOCUMENTATION_COMMENTS = YES;
				CLANG_WARN_EMPTY_BODY = YES;
				CLANG_WARN_ENUM_CONVERSION = YES;
				CLANG_WARN_INFINITE_RECURSION = YES;
				CLANG_WARN_INT_CONVERSION = YES;
				CLANG_WARN_NON_LITERAL_NULL_CONVERSION = YES;
				CLANG_WARN_OBJC_IMPLICIT_RETAIN_SELF = YES;
				CLANG_WARN_OBJC_LITERAL_CONVERSION = YES;
				CLANG_WARN_OBJC_ROOT_CLASS = YES_ERROR;
				CLANG_WARN_QUOTED_INCLUDE_IN_FRAMEWORK_HEADER = YES;
				CLANG_WARN_RANGE_LOOP_ANALYSIS = YES;
				CLANG_WARN_STRICT_PROTOTYPES = YES;
				CLANG_WARN_SUSPICIOUS_MOVE = YES;
				CLANG_WARN_UNGUARDED_AVAILABILITY = YES_AGGRESSIVE;
				CLANG_WARN_UNREACHABLE_CODE = YES;
				CLANG_WARN__DUPLICATE_METHOD_MATCH = YES;
				COPY_PHASE_STRIP = NO;
				DEBUG_INFORMATION_FORMAT = dwarf;
				ENABLE_STRICT_OBJC_MSGSEND = YES;
				ENABLE_TESTABILITY = YES;
				ENABLE_USER_SCRIPT_SANDBOXING = YES;
				GCC_C_LANGUAGE_STANDARD = gnu17;
				GCC_DYNAMIC_NO_PIC = NO;
				GCC_NO_COMMON_BLOCKS = YES;
				GCC_OPTIMIZATION_LEVEL = 0;
				GCC_PREPROCESSOR_DEFINITIONS = (
					"DEBUG=1",
					"$(inherited)",
				);
				GCC_WARN_64_TO_32_BIT_CONVERSION = YES;
				GCC_WARN_ABOUT_RETURN_TYPE = YES_ERROR;
				GCC_WARN_UNDECLARED_SELECTOR = YES;
				GCC_WARN_UNINITIALIZED_AUTOS = YES_AGGRESSIVE;
				GCC_WARN_UNUSED_FUNCTION = YES;
				GCC_WARN_UNUSED_VARIABLE = YES;
				IPHONEOS_DEPLOYMENT_TARGET = 18.2;
				LOCALIZATION_PREFERS_STRING_CATALOGS = YES;
				MTL_ENABLE_DEBUG_INFO = INCLUDE_SOURCE;
				MTL_FAST_MATH = YES;
				ONLY_ACTIVE_ARCH = YES;
				SDKROOT = iphoneos;
				SWIFT_ACTIVE_COMPILATION_CONDITIONS = "DEBUG $(inherited)";
				SWIFT_OPTIMIZATION_LEVEL = "-Onone";
			};
			name = Debug;
		};
		C0556FD42D70A77E00E9A95F /* Release */ = {
			isa = XCBuildConfiguration;
			buildSettings = {
				ALWAYS_SEARCH_USER_PATHS = NO;
				ASSETCATALOG_COMPILER_GENERATE_SWIFT_ASSET_SYMBOL_EXTENSIONS = YES;
				CLANG_ANALYZER_NONNULL = YES;
				CLANG_ANALYZER_NUMBER_OBJECT_CONVERSION = YES_AGGRESSIVE;
				CLANG_CXX_LANGUAGE_STANDARD = "gnu++20";
				CLANG_ENABLE_MODULES = YES;
				CLANG_ENABLE_OBJC_ARC = YES;
				CLANG_ENABLE_OBJC_WEAK = YES;
				CLANG_WARN_BLOCK_CAPTURE_AUTORELEASING = YES;
				CLANG_WARN_BOOL_CONVERSION = YES;
				CLANG_WARN_COMMA = YES;
				CLANG_WARN_CONSTANT_CONVERSION = YES;
				CLANG_WARN_DEPRECATED_OBJC_IMPLEMENTATIONS = YES;
				CLANG_WARN_DIRECT_OBJC_ISA_USAGE = YES_ERROR;
				CLANG_WARN_DOCUMENTATION_COMMENTS = YES;
				CLANG_WARN_EMPTY_BODY = YES;
				CLANG_WARN_ENUM_CONVERSION = YES;
				CLANG_WARN_INFINITE_RECURSION = YES;
				CLANG_WARN_INT_CONVERSION = YES;
				CLANG_WARN_NON_LITERAL_NULL_CONVERSION = YES;
				CLANG_WARN_OBJC_IMPLICIT_RETAIN_SELF = YES;
				CLANG_WARN_OBJC_LITERAL_CONVERSION = YES;
				CLANG_WARN_OBJC_ROOT_CLASS = YES_ERROR;
				CLANG_WARN_QUOTED_INCLUDE_IN_FRAMEWORK_HEADER = YES;
				CLANG_WARN_RANGE_LOOP_ANALYSIS = YES;
				CLANG_WARN_STRICT_PROTOTYPES = YES;
				CLANG_WARN_SUSPICIOUS_MOVE = YES;
				CLANG_WARN_UNGUARDED_AVAILABILITY = YES_AGGRESSIVE;
				CLANG_WARN_UNREACHABLE_CODE = YES;
				CLANG_WARN__DUPLICATE_METHOD_MATCH = YES;
				COPY_PHASE_STRIP = NO;
				DEBUG_INFORMATION_FORMAT = "dwarf-with-dsym";
				ENABLE_NS_ASSERTIONS = NO;
				ENABLE_STRICT_OBJC_MSGSEND = YES;
				ENABLE_USER_SCRIPT_SANDBOXING = YES;
				GCC_C_LANGUAGE_STANDARD = gnu17;
				GCC_NO_COMMON_BLOCKS = YES;
				GCC_WARN_64_TO_32_BIT_CONVERSION = YES;
				GCC_WARN_ABOUT_RETURN_TYPE = YES_ERROR;
				GCC_WARN_UNDECLARED_SELECTOR = YES;
				GCC_WARN_UNINITIALIZED_AUTOS = YES_AGGRESSIVE;
				GCC_WARN_UNUSED_FUNCTION = YES;
				GCC_WARN_UNUSED_VARIABLE = YES;
				IPHONEOS_DEPLOYMENT_TARGET = 18.2;
				LOCALIZATION_PREFERS_STRING_CATALOGS = YES;
				MTL_ENABLE_DEBUG_INFO = NO;
				MTL_FAST_MATH = YES;
				SDKROOT = iphoneos;
				SWIFT_COMPILATION_MODE = wholemodule;
				VALIDATE_PRODUCT = YES;
			};
			name = Release;
		};
		C0556FD62D70A77E00E9A95F /* Debug */ = {
			isa = XCBuildConfiguration;
			buildSettings = {
				ASSETCATALOG_COMPILER_APPICON_NAME = AppIcon;
				ASSETCATALOG_COMPILER_GLOBAL_ACCENT_COLOR_NAME = AccentColor;
				CODE_SIGN_STYLE = Automatic;
				CURRENT_PROJECT_VERSION = 1;
				DEVELOPMENT_ASSET_PATHS = "\"DigimonApp/Preview Content\"";
				ENABLE_PREVIEWS = YES;
				GENERATE_INFOPLIST_FILE = YES;
				INFOPLIST_KEY_UIApplicationSceneManifest_Generation = YES;
				INFOPLIST_KEY_UIApplicationSupportsIndirectInputEvents = YES;
				INFOPLIST_KEY_UILaunchScreen_Generation = YES;
				INFOPLIST_KEY_UISupportedInterfaceOrientations_iPad = "UIInterfaceOrientationPortrait UIInterfaceOrientationPortraitUpsideDown UIInterfaceOrientationLandscapeLeft UIInterfaceOrientationLandscapeRight";
				INFOPLIST_KEY_UISupportedInterfaceOrientations_iPhone = "UIInterfaceOrientationPortrait UIInterfaceOrientationLandscapeLeft UIInterfaceOrientationLandscapeRight";
				LD_RUNPATH_SEARCH_PATHS = (
					"$(inherited)",
					"@executable_path/Frameworks",
				);
				MARKETING_VERSION = 1.0;
				PRODUCT_BUNDLE_IDENTIFIER = com.Mbaabu.DigimonApp;
				PRODUCT_NAME = "$(TARGET_NAME)";
				SWIFT_EMIT_LOC_STRINGS = YES;
				SWIFT_VERSION = 5.0;
				TARGETED_DEVICE_FAMILY = "1,2";
			};
			name = Debug;
		};
		C0556FD72D70A77E00E9A95F /* Release */ = {
			isa = XCBuildConfiguration;
			buildSettings = {
				ASSETCATALOG_COMPILER_APPICON_NAME = AppIcon;
				ASSETCATALOG_COMPILER_GLOBAL_ACCENT_COLOR_NAME = AccentColor;
				CODE_SIGN_STYLE = Automatic;
				CURRENT_PROJECT_VERSION = 1;
				DEVELOPMENT_ASSET_PATHS = "\"DigimonApp/Preview Content\"";
				ENABLE_PREVIEWS = YES;
				GENERATE_INFOPLIST_FILE = YES;
				INFOPLIST_KEY_UIApplicationSceneManifest_Generation = YES;
				INFOPLIST_KEY_UIApplicationSupportsIndirectInputEvents = YES;
				INFOPLIST_KEY_UILaunchScreen_Generation = YES;
				INFOPLIST_KEY_UISupportedInterfaceOrientations_iPad = "UIInterfaceOrientationPortrait UIInterfaceOrientationPortraitUpsideDown UIInterfaceOrientationLandscapeLeft UIInterfaceOrientationLandscapeRight";
				INFOPLIST_KEY_UISupportedInterfaceOrientations_iPhone = "UIInterfaceOrientationPortrait UIInterfaceOrientationLandscapeLeft UIInterfaceOrientationLandscapeRight";
				LD_RUNPATH_SEARCH_PATHS = (
					"$(inherited)",
					"@executable_path/Frameworks",
				);
				MARKETING_VERSION = 1.0;
				PRODUCT_BUNDLE_IDENTIFIER = com.Mbaabu.DigimonApp;
				PRODUCT_NAME = "$(TARGET_NAME)";
				SWIFT_EMIT_LOC_STRINGS = YES;
				SWIFT_VERSION = 5.0;
				TARGETED_DEVICE_FAMILY = "1,2";
			};
			name = Release;
		};
		C0556FD92D70A77E00E9A95F /* Debug */ = {
			isa = XCBuildConfiguration;
			buildSettings = {
				BUNDLE_LOADER = "$(TEST_HOST)";
				CODE_SIGN_STYLE = Automatic;
				CURRENT_PROJECT_VERSION = 1;
				GENERATE_INFOPLIST_FILE = YES;
				IPHONEOS_DEPLOYMENT_TARGET = 18.2;
				MARKETING_VERSION = 1.0;
				PRODUCT_BUNDLE_IDENTIFIER = com.Mbaabu.DigimonAppTests;
				PRODUCT_NAME = "$(TARGET_NAME)";
				SWIFT_EMIT_LOC_STRINGS = NO;
				SWIFT_VERSION = 5.0;
				TARGETED_DEVICE_FAMILY = "1,2";
				TEST_HOST = "$(BUILT_PRODUCTS_DIR)/DigimonApp.app/$(BUNDLE_EXECUTABLE_FOLDER_PATH)/DigimonApp";
			};
			name = Debug;
		};
		C0556FDA2D70A77E00E9A95F /* Release */ = {
			isa = XCBuildConfiguration;
			buildSettings = {
				BUNDLE_LOADER = "$(TEST_HOST)";
				CODE_SIGN_STYLE = Automatic;
				CURRENT_PROJECT_VERSION = 1;
				GENERATE_INFOPLIST_FILE = YES;
				IPHONEOS_DEPLOYMENT_TARGET = 18.2;
				MARKETING_VERSION = 1.0;
				PRODUCT_BUNDLE_IDENTIFIER = com.Mbaabu.DigimonAppTests;
				PRODUCT_NAME = "$(TARGET_NAME)";
				SWIFT_EMIT_LOC_STRINGS = NO;
				SWIFT_VERSION = 5.0;
				TARGETED_DEVICE_FAMILY = "1,2";
				TEST_HOST = "$(BUILT_PRODUCTS_DIR)/DigimonApp.app/$(BUNDLE_EXECUTABLE_FOLDER_PATH)/DigimonApp";
			};
			name = Release;
		};
		C0556FDC2D70A77E00E9A95F /* Debug */ = {
			isa = XCBuildConfiguration;
			buildSettings = {
				CODE_SIGN_STYLE = Automatic;
				CURRENT_PROJECT_VERSION = 1;
				GENERATE_INFOPLIST_FILE = YES;
				MARKETING_VERSION = 1.0;
				PRODUCT_BUNDLE_IDENTIFIER = com.Mbaabu.DigimonAppUITests;
				PRODUCT_NAME = "$(TARGET_NAME)";
				SWIFT_EMIT_LOC_STRINGS = NO;
				SWIFT_VERSION = 5.0;
				TARGETED_DEVICE_FAMILY = "1,2";
				TEST_TARGET_NAME = DigimonApp;
			};
			name = Debug;
		};
		C0556FDD2D70A77E00E9A95F /* Release */ = {
			isa = XCBuildConfiguration;
			buildSettings = {
				CODE_SIGN_STYLE = Automatic;
				CURRENT_PROJECT_VERSION = 1;
				GENERATE_INFOPLIST_FILE = YES;
				MARKETING_VERSION = 1.0;
				PRODUCT_BUNDLE_IDENTIFIER = com.Mbaabu.DigimonAppUITests;
				PRODUCT_NAME = "$(TARGET_NAME)";
				SWIFT_EMIT_LOC_STRINGS = NO;
				SWIFT_VERSION = 5.0;
				TARGETED_DEVICE_FAMILY = "1,2";
				TEST_TARGET_NAME = DigimonApp;
			};
			name = Release;
		};
/* End XCBuildConfiguration section */

/* Begin XCConfigurationList section */
		C0556FAC2D70A77C00E9A95F /* Build configuration list for PBXProject "DigimonApp" */ = {
			isa = XCConfigurationList;
			buildConfigurations = (
				C0556FD32D70A77E00E9A95F /* Debug */,
				C0556FD42D70A77E00E9A95F /* Release */,
			);
			defaultConfigurationIsVisible = 0;
			defaultConfigurationName = Release;
		};
		C0556FD52D70A77E00E9A95F /* Build configuration list for PBXNativeTarget "DigimonApp" */ = {
			isa = XCConfigurationList;
			buildConfigurations = (
				C0556FD62D70A77E00E9A95F /* Debug */,
				C0556FD72D70A77E00E9A95F /* Release */,
			);
			defaultConfigurationIsVisible = 0;
			defaultConfigurationName = Release;
		};
		C0556FD82D70A77E00E9A95F /* Build configuration list for PBXNativeTarget "DigimonAppTests" */ = {
			isa = XCConfigurationList;
			buildConfigurations = (
				C0556FD92D70A77E00E9A95F /* Debug */,
				C0556FDA2D70A77E00E9A95F /* Release */,
			);
			defaultConfigurationIsVisible = 0;
			defaultConfigurationName = Release;
		};
		C0556FDB2D70A77E00E9A95F /* Build configuration list for PBXNativeTarget "DigimonAppUITests" */ = {
			isa = XCConfigurationList;
			buildConfigurations = (
				C0556FDC2D70A77E00E9A95F /* Debug */,
				C0556FDD2D70A77E00E9A95F /* Release */,
			);
			defaultConfigurationIsVisible = 0;
			defaultConfigurationName = Release;
		};
/* End XCConfigurationList section */
	};
	rootObject = C0556FA92D70A77C00E9A95F /* Project object */;
}
